
Microsoft Visual Studio Solution File, Format Version 12.00
# Visual Studio Version 16
VisualStudioVersion = 16.0.30517.126
MinimumVisualStudioVersion = 10.0.40219.1
Project("{FAE04EC0-301F-11D3-BF4B-00C04F79EFBC}") = "ApiDemo1", "ApiDemo1\ApiDemo1.csproj", "{E6812024-CBAA-4E98-B5CA-830944CE8DB1}"
EndProject
Project("{FAE04EC0-301F-11D3-BF4B-00C04F79EFBC}") = "ApiDemo2", "ApiDemo2\ApiDemo2.csproj", "{3FCE0E3F-2467-48DB-AA23-78F3FC446DEC}"
EndProject
Global
	GlobalSection(SolutionConfigurationPlatforms) = preSolution
		Debug|Any CPU = Debug|Any CPU
		Release|Any CPU = Release|Any CPU
	EndGlobalSection
	GlobalSection(ProjectConfigurationPlatforms) = postSolution
		{E6812024-CBAA-4E98-B5CA-830944CE8DB1}.Debug|Any CPU.ActiveCfg = Debug|Any CPU
		{E6812024-CBAA-4E98-B5CA-830944CE8DB1}.Debug|Any CPU.Build.0 = Debug|Any CPU
		{E6812024-CBAA-4E98-B5CA-830944CE8DB1}.Release|Any CPU.ActiveCfg = Release|Any CPU
		{E6812024-CBAA-4E98-B5CA-830944CE8DB1}.Release|Any CPU.Build.0 = Release|Any CPU
		{3FCE0E3F-2467-48DB-AA23-78F3FC446DEC}.Debug|Any CPU.ActiveCfg = Debug|Any CPU
		{3FCE0E3F-2467-48DB-AA23-78F3FC446DEC}.Debug|Any CPU.Build.0 = Debug|Any CPU
		{3FCE0E3F-2467-48DB-AA23-78F3FC446DEC}.Release|Any CPU.ActiveCfg = Release|Any CPU
		{3FCE0E3F-2467-48DB-AA23-78F3FC446DEC}.Release|Any CPU.Build.0 = Release|Any CPU
	EndGlobalSection
	GlobalSection(SolutionProperties) = preSolution
		HideSolutionNode = FALSE
	EndGlobalSection
	GlobalSection(ExtensibilityGlobals) = postSolution
		SolutionGuid = {00219ECA-F31B-4676-B163-6F3DA971580C}
	EndGlobalSection
EndGlobal
